
Microsoft Visual Studio Solution File, Format Version 12.00
# Visual Studio Version 17
VisualStudioVersion = 17.14.36429.23
MinimumVisualStudioVersion = 10.0.40219.1
Project("{FAE04EC0-301F-11D3-BF4B-00C04F79EFBC}") = "GestionDeTareas", "GestionDeTareas\GestionDeTareas.csproj", "{EB84C3D4-60EA-49F3-94FE-17A6C270FD31}"
EndProject
Project("{FAE04EC0-301F-11D3-BF4B-00C04F79EFBC}") = "GestionDeTareas.Tests", "GestionDeTareas.Tests\GestionDeTareas.Tests.csproj", "{BBE6FE01-E70C-4F12-A65C-67F2C55CEB4F}"
	ProjectSection(ProjectDependencies) = postProject
		{EB84C3D4-60EA-49F3-94FE-17A6C270FD31} = {EB84C3D4-60EA-49F3-94FE-17A6C270FD31}
	EndProjectSection
EndProject
Global
	GlobalSection(SolutionConfigurationPlatforms) = preSolution
		Debug|Any CPU = Debug|Any CPU
		Release|Any CPU = Release|Any CPU
	EndGlobalSection
	GlobalSection(ProjectConfigurationPlatforms) = postSolution
		{EB84C3D4-60EA-49F3-94FE-17A6C270FD31}.Debug|Any CPU.ActiveCfg = Debug|Any CPU
		{EB84C3D4-60EA-49F3-94FE-17A6C270FD31}.Debug|Any CPU.Build.0 = Debug|Any CPU
		{EB84C3D4-60EA-49F3-94FE-17A6C270FD31}.Release|Any CPU.ActiveCfg = Release|Any CPU
		{EB84C3D4-60EA-49F3-94FE-17A6C270FD31}.Release|Any CPU.Build.0 = Release|Any CPU
		{BBE6FE01-E70C-4F12-A65C-67F2C55CEB4F}.Debug|Any CPU.ActiveCfg = Debug|Any CPU
		{BBE6FE01-E70C-4F12-A65C-67F2C55CEB4F}.Debug|Any CPU.Build.0 = Debug|Any CPU
		{BBE6FE01-E70C-4F12-A65C-67F2C55CEB4F}.Release|Any CPU.ActiveCfg = Release|Any CPU
		{BBE6FE01-E70C-4F12-A65C-67F2C55CEB4F}.Release|Any CPU.Build.0 = Release|Any CPU
	EndGlobalSection
	GlobalSection(SolutionProperties) = preSolution
		HideSolutionNode = FALSE
	EndGlobalSection
	GlobalSection(ExtensibilityGlobals) = postSolution
		SolutionGuid = {DCE78827-62E2-4CAA-B2D1-AB2D2CC99878}
	EndGlobalSection
EndGlobal
